// !$*UTF8*$!
{
	archiveVersion = 1;
	classes = {
	};
	objectVersion = 77;
	objects = {

/* Begin PBXContainerItemProxy section */
		55BA192A2ECE51FB00EFD970 /* PBXContainerItemProxy */ = {
			isa = PBXContainerItemProxy;
			containerPortal = 55BA19142ECE51FA00EFD970 /* Project object */;
			proxyType = 1;
			remoteGlobalIDString = 55BA191B2ECE51FA00EFD970;
			remoteInfo = DrawingAlgorithmStudies;
		};
		55BA19342ECE51FB00EFD970 /* PBXContainerItemProxy */ = {
			isa = PBXContainerItemProxy;
			containerPortal = 55BA19142ECE51FA00EFD970 /* Project object */;
			proxyType = 1;
			remoteGlobalIDString = 55BA191B2ECE51FA00EFD970;
			remoteInfo = DrawingAlgorithmStudies;
		};
/* End PBXContainerItemProxy section */

/* Begin PBXFileReference section */
		55BA191C2ECE51FA00EFD970 /* DrawingAlgorithmStudies.app */ = {isa = PBXFileReference; explicitFileType = wrapper.application; includeInIndex = 0; path = DrawingAlgorithmStudies.app; sourceTree = BUILT_PRODUCTS_DIR; };
		55BA19292ECE51FB00EFD970 /* DrawingAlgorithmStudiesTests.xctest */ = {isa = PBXFileReference; explicitFileType = wrapper.cfbundle; includeInIndex = 0; path = DrawingAlgorithmStudiesTests.xctest; sourceTree = BUILT_PRODUCTS_DIR; };
		55BA19332ECE51FB00EFD970 /* DrawingAlgorithmStudiesUITests.xctest */ = {isa = PBXFileReference; explicitFileType = wrapper.cfbundle; includeInIndex = 0; path = DrawingAlgorithmStudiesUITests.xctest; sourceTree = BUILT_PRODUCTS_DIR; };
/* End PBXFileReference section */

/* Begin PBXFileSystemSynchronizedRootGroup section */
		55BA191E2ECE51FA00EFD970 /* DrawingAlgorithmStudies */ = {
			isa = PBXFileSystemSynchronizedRootGroup;
			path = DrawingAlgorithmStudies;
			sourceTree = "<group>";
		};
		55BA192C2ECE51FB00EFD970 /* DrawingAlgorithmStudiesTests */ = {
			isa = PBXFileSystemSynchronizedRootGroup;
			path = DrawingAlgorithmStudiesTests;
			sourceTree = "<group>";
		};
		55BA19362ECE51FB00EFD970 /* DrawingAlgorithmStudiesUITests */ = {
			isa = PBXFileSystemSynchronizedRootGroup;
			path = DrawingAlgorithmStudiesUITests;
			sourceTree = "<group>";
		};
/* End PBXFileSystemSynchronizedRootGroup section */

/* Begin PBXFrameworksBuildPhase section */
		55BA19192ECE51FA00EFD970 /* Frameworks */ = {
			isa = PBXFrameworksBuildPhase;
			buildActionMask = 2147483647;
			files = (
			);
			runOnlyForDeploymentPostprocessing = 0;
		};
		55BA19262ECE51FB00EFD970 /* Frameworks */ = {
			isa = PBXFrameworksBuildPhase;
			buildActionMask = 2147483647;
			files = (
			);
			runOnlyForDeploymentPostprocessing = 0;
		};
		55BA19302ECE51FB00EFD970 /* Frameworks */ = {
			isa = PBXFrameworksBuildPhase;
			buildActionMask = 2147483647;
			files = (
			);
			runOnlyForDeploymentPostprocessing = 0;
		};
/* End PBXFrameworksBuildPhase section */

/* Begin PBXGroup section */
		55BA19132ECE51FA00EFD970 = {
			isa = PBXGroup;
			children = (
				55BA191E2ECE51FA00EFD970 /* DrawingAlgorithmStudies */,
				55BA192C2ECE51FB00EFD970 /* DrawingAlgorithmStudiesTests */,
				55BA19362ECE51FB00EFD970 /* DrawingAlgorithmStudiesUITests */,
				55BA191D2ECE51FA00EFD970 /* Products */,
			);
			sourceTree = "<group>";
		};
		55BA191D2ECE51FA00EFD970 /* Products */ = {
			isa = PBXGroup;
			children = (
				55BA191C2ECE51FA00EFD970 /* DrawingAlgorithmStudies.app */,
				55BA19292ECE51FB00EFD970 /* DrawingAlgorithmStudiesTests.xctest */,
				55BA19332ECE51FB00EFD970 /* DrawingAlgorithmStudiesUITests.xctest */,
			);
			name = Products;
			sourceTree = "<group>";
		};
/* End PBXGroup section */

/* Begin PBXNativeTarget section */
		55BA191B2ECE51FA00EFD970 /* DrawingAlgorithmStudies */ = {
			isa = PBXNativeTarget;
			buildConfigurationList = 55BA193D2ECE51FB00EFD970 /* Build configuration list for PBXNativeTarget "DrawingAlgorithmStudies" */;
			buildPhases = (
				55BA19182ECE51FA00EFD970 /* Sources */,
				55BA19192ECE51FA00EFD970 /* Frameworks */,
				55BA191A2ECE51FA00EFD970 /* Resources */,
			);
			buildRules = (
			);
			dependencies = (
			);
			fileSystemSynchronizedGroups = (
				55BA191E2ECE51FA00EFD970 /* DrawingAlgorithmStudies */,
			);
			name = DrawingAlgorithmStudies;
			packageProductDependencies = (
			);
			productName = DrawingAlgorithmStudies;
			productReference = 55BA191C2ECE51FA00EFD970 /* DrawingAlgorithmStudies.app */;
			productType = "com.apple.product-type.application";
		};
		55BA19282ECE51FB00EFD970 /* DrawingAlgorithmStudiesTests */ = {
			isa = PBXNativeTarget;
			buildConfigurationList = 55BA19402ECE51FB00EFD970 /* Build configuration list for PBXNativeTarget "DrawingAlgorithmStudiesTests" */;
			buildPhases = (
				55BA19252ECE51FB00EFD970 /* Sources */,
				55BA19262ECE51FB00EFD970 /* Frameworks */,
				55BA19272ECE51FB00EFD970 /* Resources */,
			);
			buildRules = (
			);
			dependencies = (
				55BA192B2ECE51FB00EFD970 /* PBXTargetDependency */,
			);
			fileSystemSynchronizedGroups = (
				55BA192C2ECE51FB00EFD970 /* DrawingAlgorithmStudiesTests */,
			);
			name = DrawingAlgorithmStudiesTests;
			packageProductDependencies = (
			);
			productName = DrawingAlgorithmStudiesTests;
			productReference = 55BA19292ECE51FB00EFD970 /* DrawingAlgorithmStudiesTests.xctest */;
			productType = "com.apple.product-type.bundle.unit-test";
		};
		55BA19322ECE51FB00EFD970 /* DrawingAlgorithmStudiesUITests */ = {
			isa = PBXNativeTarget;
			buildConfigurationList = 55BA19432ECE51FB00EFD970 /* Build configuration list for PBXNativeTarget "DrawingAlgorithmStudiesUITests" */;
			buildPhases = (
				55BA192F2ECE51FB00EFD970 /* Sources */,
				55BA19302ECE51FB00EFD970 /* Frameworks */,
				55BA19312ECE51FB00EFD970 /* Resources */,
			);
			buildRules = (
			);
			dependencies = (
				55BA19352ECE51FB00EFD970 /* PBXTargetDependency */,
			);
			fileSystemSynchronizedGroups = (
				55BA19362ECE51FB00EFD970 /* DrawingAlgorithmStudiesUITests */,
			);
			name = DrawingAlgorithmStudiesUITests;
			packageProductDependencies = (
			);
			productName = DrawingAlgorithmStudiesUITests;
			productReference = 55BA19332ECE51FB00EFD970 /* DrawingAlgorithmStudiesUITests.xctest */;
			productType = "com.apple.product-type.bundle.ui-testing";
		};
/* End PBXNativeTarget section */

/* Begin PBXProject section */
		55BA19142ECE51FA00EFD970 /* Project object */ = {
			isa = PBXProject;
			attributes = {
				BuildIndependentTargetsInParallel = 1;
				LastSwiftUpdateCheck = 1640;
				LastUpgradeCheck = 1640;
				TargetAttributes = {
					55BA191B2ECE51FA00EFD970 = {
						CreatedOnToolsVersion = 16.4;
					};
					55BA19282ECE51FB00EFD970 = {
						CreatedOnToolsVersion = 16.4;
						TestTargetID = 55BA191B2ECE51FA00EFD970;
					};
					55BA19322ECE51FB00EFD970 = {
						CreatedOnToolsVersion = 16.4;
						TestTargetID = 55BA191B2ECE51FA00EFD970;
					};
				};
			};
			buildConfigurationList = 55BA19172ECE51FA00EFD970 /* Build configuration list for PBXProject "DrawingAlgorithmStudies" */;
			developmentRegion = en;
			hasScannedForEncodings = 0;
			knownRegions = (
				en,
				Base,
			);
			mainGroup = 55BA19132ECE51FA00EFD970;
			minimizedProjectReferenceProxies = 1;
			preferredProjectObjectVersion = 77;
			productRefGroup = 55BA191D2ECE51FA00EFD970 /* Products */;
			projectDirPath = "";
			projectRoot = "";
			targets = (
				55BA191B2ECE51FA00EFD970 /* DrawingAlgorithmStudies */,
				55BA19282ECE51FB00EFD970 /* DrawingAlgorithmStudiesTests */,
				55BA19322ECE51FB00EFD970 /* DrawingAlgorithmStudiesUITests */,
			);
		};
/* End PBXProject section */

/* Begin PBXResourcesBuildPhase section */
		55BA191A2ECE51FA00EFD970 /* Resources */ = {
			isa = PBXResourcesBuildPhase;
			buildActionMask = 2147483647;
			files = (
			);
			runOnlyForDeploymentPostprocessing = 0;
		};
		55BA19272ECE51FB00EFD970 /* Resources */ = {
			isa = PBXResourcesBuildPhase;
			buildActionMask = 2147483647;
			files = (
			);
			runOnlyForDeploymentPostprocessing = 0;
		};
		55BA19312ECE51FB00EFD970 /* Resources */ = {
			isa = PBXResourcesBuildPhase;
			buildActionMask = 2147483647;
			files = (
			);
			runOnlyForDeploymentPostprocessing = 0;
		};
/* End PBXResourcesBuildPhase section */

/* Begin PBXSourcesBuildPhase section */
		55BA19182ECE51FA00EFD970 /* Sources */ = {
			isa = PBXSourcesBuildPhase;
			buildActionMask = 2147483647;
			files = (
			);
			runOnlyForDeploymentPostprocessing = 0;
		};
		55BA19252ECE51FB00EFD970 /* Sources */ = {
			isa = PBXSourcesBuildPhase;
			buildActionMask = 2147483647;
			files = (
			);
			runOnlyForDeploymentPostprocessing = 0;
		};
		55BA192F2ECE51FB00EFD970 /* Sources */ = {
			isa = PBXSourcesBuildPhase;
			buildActionMask = 2147483647;
			files = (
			);
			runOnlyForDeploymentPostprocessing = 0;
		};
/* End PBXSourcesBuildPhase section */

/* Begin PBXTargetDependency section */
		55BA192B2ECE51FB00EFD970 /* PBXTargetDependency */ = {
			isa = PBXTargetDependency;
			target = 55BA191B2ECE51FA00EFD970 /* DrawingAlgorithmStudies */;
			targetProxy = 55BA192A2ECE51FB00EFD970 /* PBXContainerItemProxy */;
		};
		55BA19352ECE51FB00EFD970 /* PBXTargetDependency */ = {
			isa = PBXTargetDependency;
			target = 55BA191B2ECE51FA00EFD970 /* DrawingAlgorithmStudies */;
			targetProxy = 55BA19342ECE51FB00EFD970 /* PBXContainerItemProxy */;
		};
/* End PBXTargetDependency section */

/* Begin XCBuildConfiguration section */
		55BA193B2ECE51FB00EFD970 /* Debug */ = {
			isa = XCBuildConfiguration;
			buildSettings = {
				ALWAYS_SEARCH_USER_PATHS = NO;
				ASSETCATALOG_COMPILER_GENERATE_SWIFT_ASSET_SYMBOL_EXTENSIONS = YES;
				CLANG_ANALYZER_NONNULL = YES;
				CLANG_ANALYZER_NUMBER_OBJECT_CONVERSION = YES_AGGRESSIVE;
				CLANG_CXX_LANGUAGE_STANDARD = "gnu++20";
				CLANG_ENABLE_MODULES = YES;
				CLANG_ENABLE_OBJC_ARC = YES;
				CLANG_ENABLE_OBJC_WEAK = YES;
				CLANG_WARN_BLOCK_CAPTURE_AUTORELEASING = YES;
				CLANG_WARN_BOOL_CONVERSION = YES;
				CLANG_WARN_COMMA = YES;
				CLANG_WARN_CONSTANT_CONVERSION = YES;
				CLANG_WARN_DEPRECATED_OBJC_IMPLEMENTATIONS = YES;
				CLANG_WARN_DIRECT_OBJC_ISA_USAGE = YES_ERROR;
				CLANG_WARN_DOCUMENTATION_COMMENTS = YES;
				CLANG_WARN_EMPTY_BODY = YES;
				CLANG_WARN_ENUM_CONVERSION = YES;
				CLANG_WARN_INFINITE_RECURSION = YES;
				CLANG_WARN_INT_CONVERSION = YES;
				CLANG_WARN_NON_LITERAL_NULL_CONVERSION = YES;
				CLANG_WARN_OBJC_IMPLICIT_RETAIN_SELF = YES;
				CLANG_WARN_OBJC_LITERAL_CONVERSION = YES;
				CLANG_WARN_OBJC_ROOT_CLASS = YES_ERROR;
				CLANG_WARN_QUOTED_INCLUDE_IN_FRAMEWORK_HEADER = YES;
				CLANG_WARN_RANGE_LOOP_ANALYSIS = YES;
				CLANG_WARN_STRICT_PROTOTYPES = YES;
				CLANG_WARN_SUSPICIOUS_MOVE = YES;
				CLANG_WARN_UNGUARDED_AVAILABILITY = YES_AGGRESSIVE;
				CLANG_WARN_UNREACHABLE_CODE = YES;
				CLANG_WARN__DUPLICATE_METHOD_MATCH = YES;
				COPY_PHASE_STRIP = NO;
				DEBUG_INFORMATION_FORMAT = dwarf;
				DEVELOPMENT_TEAM = 973F3TA6FW;
				ENABLE_STRICT_OBJC_MSGSEND = YES;
				ENABLE_TESTABILITY = YES;
				ENABLE_USER_SCRIPT_SANDBOXING = YES;
				GCC_C_LANGUAGE_STANDARD = gnu17;
				GCC_DYNAMIC_NO_PIC = NO;
				GCC_NO_COMMON_BLOCKS = YES;
				GCC_OPTIMIZATION_LEVEL = 0;
				GCC_PREPROCESSOR_DEFINITIONS = (
					"DEBUG=1",
					"$(inherited)",
				);
				GCC_WARN_64_TO_32_BIT_CONVERSION = YES;
				GCC_WARN_ABOUT_RETURN_TYPE = YES_ERROR;
				GCC_WARN_UNDECLARED_SELECTOR = YES;
				GCC_WARN_UNINITIALIZED_AUTOS = YES_AGGRESSIVE;
				GCC_WARN_UNUSED_FUNCTION = YES;
				GCC_WARN_UNUSED_VARIABLE = YES;
				IPHONEOS_DEPLOYMENT_TARGET = 18.5;
				LOCALIZATION_PREFERS_STRING_CATALOGS = YES;
				MTL_ENABLE_DEBUG_INFO = INCLUDE_SOURCE;
				MTL_FAST_MATH = YES;
				ONLY_ACTIVE_ARCH = YES;
				SDKROOT = iphoneos;
				SWIFT_ACTIVE_COMPILATION_CONDITIONS = "DEBUG $(inherited)";
				SWIFT_OPTIMIZATION_LEVEL = "-Onone";
			};
			name = Debug;
		};
		55BA193C2ECE51FB00EFD970 /* Release */ = {
			isa = XCBuildConfiguration;
			buildSettings = {
				ALWAYS_SEARCH_USER_PATHS = NO;
				ASSETCATALOG_COMPILER_GENERATE_SWIFT_ASSET_SYMBOL_EXTENSIONS = YES;
				CLANG_ANALYZER_NONNULL = YES;
				CLANG_ANALYZER_NUMBER_OBJECT_CONVERSION = YES_AGGRESSIVE;
				CLANG_CXX_LANGUAGE_STANDARD = "gnu++20";
				CLANG_ENABLE_MODULES = YES;
				CLANG_ENABLE_OBJC_ARC = YES;
				CLANG_ENABLE_OBJC_WEAK = YES;
				CLANG_WARN_BLOCK_CAPTURE_AUTORELEASING = YES;
				CLANG_WARN_BOOL_CONVERSION = YES;
				CLANG_WARN_COMMA = YES;
				CLANG_WARN_CONSTANT_CONVERSION = YES;
				CLANG_WARN_DEPRECATED_OBJC_IMPLEMENTATIONS = YES;
				CLANG_WARN_DIRECT_OBJC_ISA_USAGE = YES_ERROR;
				CLANG_WARN_DOCUMENTATION_COMMENTS = YES;
				CLANG_WARN_EMPTY_BODY = YES;
				CLANG_WARN_ENUM_CONVERSION = YES;
				CLANG_WARN_INFINITE_RECURSION = YES;
				CLANG_WARN_INT_CONVERSION = YES;
				CLANG_WARN_NON_LITERAL_NULL_CONVERSION = YES;
				CLANG_WARN_OBJC_IMPLICIT_RETAIN_SELF = YES;
				CLANG_WARN_OBJC_LITERAL_CONVERSION = YES;
				CLANG_WARN_OBJC_ROOT_CLASS = YES_ERROR;
				CLANG_WARN_QUOTED_INCLUDE_IN_FRAMEWORK_HEADER = YES;
				CLANG_WARN_RANGE_LOOP_ANALYSIS = YES;
				CLANG_WARN_STRICT_PROTOTYPES = YES;
				CLANG_WARN_SUSPICIOUS_MOVE = YES;
				CLANG_WARN_UNGUARDED_AVAILABILITY = YES_AGGRESSIVE;
				CLANG_WARN_UNREACHABLE_CODE = YES;
				CLANG_WARN__DUPLICATE_METHOD_MATCH = YES;
				COPY_PHASE_STRIP = NO;
				DEBUG_INFORMATION_FORMAT = "dwarf-with-dsym";
				DEVELOPMENT_TEAM = 973F3TA6FW;
				ENABLE_NS_ASSERTIONS = NO;
				ENABLE_STRICT_OBJC_MSGSEND = YES;
				ENABLE_USER_SCRIPT_SANDBOXING = YES;
				GCC_C_LANGUAGE_STANDARD = gnu17;
				GCC_NO_COMMON_BLOCKS = YES;
				GCC_WARN_64_TO_32_BIT_CONVERSION = YES;
				GCC_WARN_ABOUT_RETURN_TYPE = YES_ERROR;
				GCC_WARN_UNDECLARED_SELECTOR = YES;
				GCC_WARN_UNINITIALIZED_AUTOS = YES_AGGRESSIVE;
				GCC_WARN_UNUSED_FUNCTION = YES;
				GCC_WARN_UNUSED_VARIABLE = YES;
				IPHONEOS_DEPLOYMENT_TARGET = 18.5;
				LOCALIZATION_PREFERS_STRING_CATALOGS = YES;
				MTL_ENABLE_DEBUG_INFO = NO;
				MTL_FAST_MATH = YES;
				SDKROOT = iphoneos;
				SWIFT_COMPILATION_MODE = wholemodule;
				VALIDATE_PRODUCT = YES;
			};
			name = Release;
		};
		55BA193E2ECE51FB00EFD970 /* Debug */ = {
			isa = XCBuildConfiguration;
			buildSettings = {
				ASSETCATALOG_COMPILER_APPICON_NAME = AppIcon;
				ASSETCATALOG_COMPILER_GLOBAL_ACCENT_COLOR_NAME = AccentColor;
				CODE_SIGN_STYLE = Automatic;
				CURRENT_PROJECT_VERSION = 1;
				DEVELOPMENT_TEAM = 973F3TA6FW;
				ENABLE_PREVIEWS = YES;
				GENERATE_INFOPLIST_FILE = YES;
				INFOPLIST_KEY_UIApplicationSceneManifest_Generation = YES;
				INFOPLIST_KEY_UIApplicationSupportsIndirectInputEvents = YES;
				INFOPLIST_KEY_UILaunchScreen_Generation = YES;
				INFOPLIST_KEY_UISupportedInterfaceOrientations_iPad = "UIInterfaceOrientationPortrait UIInterfaceOrientationPortraitUpsideDown UIInterfaceOrientationLandscapeLeft UIInterfaceOrientationLandscapeRight";
				INFOPLIST_KEY_UISupportedInterfaceOrientations_iPhone = "UIInterfaceOrientationPortrait UIInterfaceOrientationLandscapeLeft UIInterfaceOrientationLandscapeRight";
				LD_RUNPATH_SEARCH_PATHS = (
					"$(inherited)",
					"@executable_path/Frameworks",
				);
				MARKETING_VERSION = 1.0;
				PRODUCT_BUNDLE_IDENTIFIER = drawingAlgorithmStudies.DrawingAlgorithmStudies;
				PRODUCT_NAME = "$(TARGET_NAME)";
				SWIFT_EMIT_LOC_STRINGS = YES;
				SWIFT_VERSION = 5.0;
				TARGETED_DEVICE_FAMILY = "1,2";
			};
			name = Debug;
		};
		55BA193F2ECE51FB00EFD970 /* Release */ = {
			isa = XCBuildConfiguration;
			buildSettings = {
				ASSETCATALOG_COMPILER_APPICON_NAME = AppIcon;
				ASSETCATALOG_COMPILER_GLOBAL_ACCENT_COLOR_NAME = AccentColor;
				CODE_SIGN_STYLE = Automatic;
				CURRENT_PROJECT_VERSION = 1;
				DEVELOPMENT_TEAM = 973F3TA6FW;
				ENABLE_PREVIEWS = YES;
				GENERATE_INFOPLIST_FILE = YES;
				INFOPLIST_KEY_UIApplicationSceneManifest_Generation = YES;
				INFOPLIST_KEY_UIApplicationSupportsIndirectInputEvents = YES;
				INFOPLIST_KEY_UILaunchScreen_Generation = YES;
				INFOPLIST_KEY_UISupportedInterfaceOrientations_iPad = "UIInterfaceOrientationPortrait UIInterfaceOrientationPortraitUpsideDown UIInterfaceOrientationLandscapeLeft UIInterfaceOrientationLandscapeRight";
				INFOPLIST_KEY_UISupportedInterfaceOrientations_iPhone = "UIInterfaceOrientationPortrait UIInterfaceOrientationLandscapeLeft UIInterfaceOrientationLandscapeRight";
				LD_RUNPATH_SEARCH_PATHS = (
					"$(inherited)",
					"@executable_path/Frameworks",
				);
				MARKETING_VERSION = 1.0;
				PRODUCT_BUNDLE_IDENTIFIER = drawingAlgorithmStudies.DrawingAlgorithmStudies;
				PRODUCT_NAME = "$(TARGET_NAME)";
				SWIFT_EMIT_LOC_STRINGS = YES;
				SWIFT_VERSION = 5.0;
				TARGETED_DEVICE_FAMILY = "1,2";
			};
			name = Release;
		};
		55BA19412ECE51FB00EFD970 /* Debug */ = {
			isa = XCBuildConfiguration;
			buildSettings = {
				BUNDLE_LOADER = "$(TEST_HOST)";
				CODE_SIGN_STYLE = Automatic;
				CURRENT_PROJECT_VERSION = 1;
				DEVELOPMENT_TEAM = 973F3TA6FW;
				GENERATE_INFOPLIST_FILE = YES;
				IPHONEOS_DEPLOYMENT_TARGET = 18.5;
				MARKETING_VERSION = 1.0;
				PRODUCT_BUNDLE_IDENTIFIER = drawingAlgorithmStudies.DrawingAlgorithmStudiesTests;
				PRODUCT_NAME = "$(TARGET_NAME)";
				SWIFT_EMIT_LOC_STRINGS = NO;
				SWIFT_VERSION = 5.0;
				TARGETED_DEVICE_FAMILY = "1,2";
				TEST_HOST = "$(BUILT_PRODUCTS_DIR)/DrawingAlgorithmStudies.app/$(BUNDLE_EXECUTABLE_FOLDER_PATH)/DrawingAlgorithmStudies";
			};
			name = Debug;
		};
		55BA19422ECE51FB00EFD970 /* Release */ = {
			isa = XCBuildConfiguration;
			buildSettings = {
				BUNDLE_LOADER = "$(TEST_HOST)";
				CODE_SIGN_STYLE = Automatic;
				CURRENT_PROJECT_VERSION = 1;
				DEVELOPMENT_TEAM = 973F3TA6FW;
				GENERATE_INFOPLIST_FILE = YES;
				IPHONEOS_DEPLOYMENT_TARGET = 18.5;
				MARKETING_VERSION = 1.0;
				PRODUCT_BUNDLE_IDENTIFIER = drawingAlgorithmStudies.DrawingAlgorithmStudiesTests;
				PRODUCT_NAME = "$(TARGET_NAME)";
				SWIFT_EMIT_LOC_STRINGS = NO;
				SWIFT_VERSION = 5.0;
				TARGETED_DEVICE_FAMILY = "1,2";
				TEST_HOST = "$(BUILT_PRODUCTS_DIR)/DrawingAlgorithmStudies.app/$(BUNDLE_EXECUTABLE_FOLDER_PATH)/DrawingAlgorithmStudies";
			};
			name = Release;
		};
		55BA19442ECE51FB00EFD970 /* Debug */ = {
			isa = XCBuildConfiguration;
			buildSettings = {
				CODE_SIGN_STYLE = Automatic;
				CURRENT_PROJECT_VERSION = 1;
				DEVELOPMENT_TEAM = 973F3TA6FW;
				GENERATE_INFOPLIST_FILE = YES;
				MARKETING_VERSION = 1.0;
				PRODUCT_BUNDLE_IDENTIFIER = drawingAlgorithmStudies.DrawingAlgorithmStudiesUITests;
				PRODUCT_NAME = "$(TARGET_NAME)";
				SWIFT_EMIT_LOC_STRINGS = NO;
				SWIFT_VERSION = 5.0;
				TARGETED_DEVICE_FAMILY = "1,2";
				TEST_TARGET_NAME = DrawingAlgorithmStudies;
			};
			name = Debug;
		};
		55BA19452ECE51FB00EFD970 /* Release */ = {
			isa = XCBuildConfiguration;
			buildSettings = {
				CODE_SIGN_STYLE = Automatic;
				CURRENT_PROJECT_VERSION = 1;
				DEVELOPMENT_TEAM = 973F3TA6FW;
				GENERATE_INFOPLIST_FILE = YES;
				MARKETING_VERSION = 1.0;
				PRODUCT_BUNDLE_IDENTIFIER = drawingAlgorithmStudies.DrawingAlgorithmStudiesUITests;
				PRODUCT_NAME = "$(TARGET_NAME)";
				SWIFT_EMIT_LOC_STRINGS = NO;
				SWIFT_VERSION = 5.0;
				TARGETED_DEVICE_FAMILY = "1,2";
				TEST_TARGET_NAME = DrawingAlgorithmStudies;
			};
			name = Release;
		};
/* End XCBuildConfiguration section */

/* Begin XCConfigurationList section */
		55BA19172ECE51FA00EFD970 /* Build configuration list for PBXProject "DrawingAlgorithmStudies" */ = {
			isa = XCConfigurationList;
			buildConfigurations = (
				55BA193B2ECE51FB00EFD970 /* Debug */,
				55BA193C2ECE51FB00EFD970 /* Release */,
			);
			defaultConfigurationIsVisible = 0;
			defaultConfigurationName = Release;
		};
		55BA193D2ECE51FB00EFD970 /* Build configuration list for PBXNativeTarget "DrawingAlgorithmStudies" */ = {
			isa = XCConfigurationList;
			buildConfigurations = (
				55BA193E2ECE51FB00EFD970 /* Debug */,
				55BA193F2ECE51FB00EFD970 /* Release */,
			);
			defaultConfigurationIsVisible = 0;
			defaultConfigurationName = Release;
		};
		55BA19402ECE51FB00EFD970 /* Build configuration list for PBXNativeTarget "DrawingAlgorithmStudiesTests" */ = {
			isa = XCConfigurationList;
			buildConfigurations = (
				55BA19412ECE51FB00EFD970 /* Debug */,
				55BA19422ECE51FB00EFD970 /* Release */,
			);
			defaultConfigurationIsVisible = 0;
			defaultConfigurationName = Release;
		};
		55BA19432ECE51FB00EFD970 /* Build configuration list for PBXNativeTarget "DrawingAlgorithmStudiesUITests" */ = {
			isa = XCConfigurationList;
			buildConfigurations = (
				55BA19442ECE51FB00EFD970 /* Debug */,
				55BA19452ECE51FB00EFD970 /* Release */,
			);
			defaultConfigurationIsVisible = 0;
			defaultConfigurationName = Release;
		};
/* End XCConfigurationList section */
	};
	rootObject = 55BA19142ECE51FA00EFD970 /* Project object */;
}
